
Microsoft Visual Studio Solution File, Format Version 12.00
# Visual Studio 15
VisualStudioVersion = 15.0.26430.16
MinimumVisualStudioVersion = 10.0.40219.1
Project("{FAE04EC0-301F-11D3-BF4B-00C04F79EFBC}") = "StageStriker", "StageStriker\StageStriker\StageStriker.csproj", "{EF3D6CC3-880C-450B-9C8F-4E7A83A4C571}"
EndProject
Project("{FAE04EC0-301F-11D3-BF4B-00C04F79EFBC}") = "StageStriker.Droid", "StageStriker\StageStriker.Droid\StageStriker.Droid.csproj", "{69BF2471-EA8E-4CFF-A0BD-FBA7DEE68474}"
EndProject
Project("{FAE04EC0-301F-11D3-BF4B-00C04F79EFBC}") = "StageStriker.Tests", "StageStriker\StageStriker.Tests\StageStriker.Tests.csproj", "{47231896-B7D3-40D6-97F6-C0C78F2EB54C}"
EndProject
Global
	GlobalSection(SolutionConfigurationPlatforms) = preSolution
		Ad-Hoc|Any CPU = Ad-Hoc|Any CPU
		Ad-Hoc|iPhone = Ad-Hoc|iPhone
		Ad-Hoc|iPhoneSimulator = Ad-Hoc|iPhoneSimulator
		AppStore|Any CPU = AppStore|Any CPU
		AppStore|iPhone = AppStore|iPhone
		AppStore|iPhoneSimulator = AppStore|iPhoneSimulator
		Debug|Any CPU = Debug|Any CPU
		Debug|iPhone = Debug|iPhone
		Debug|iPhoneSimulator = Debug|iPhoneSimulator
		Dev|Any CPU = Dev|Any CPU
		Dev|iPhone = Dev|iPhone
		Dev|iPhoneSimulator = Dev|iPhoneSimulator
		Release|Any CPU = Release|Any CPU
		Release|iPhone = Release|iPhone
		Release|iPhoneSimulator = Release|iPhoneSimulator
	EndGlobalSection
	GlobalSection(ProjectConfigurationPlatforms) = postSolution
		{EF3D6CC3-880C-450B-9C8F-4E7A83A4C571}.Ad-Hoc|Any CPU.ActiveCfg = Release|Any CPU
		{EF3D6CC3-880C-450B-9C8F-4E7A83A4C571}.Ad-Hoc|Any CPU.Build.0 = Release|Any CPU
		{EF3D6CC3-880C-450B-9C8F-4E7A83A4C571}.Ad-Hoc|iPhone.ActiveCfg = Release|Any CPU
		{EF3D6CC3-880C-450B-9C8F-4E7A83A4C571}.Ad-Hoc|iPhone.Build.0 = Release|Any CPU
		{EF3D6CC3-880C-450B-9C8F-4E7A83A4C571}.Ad-Hoc|iPhoneSimulator.ActiveCfg = Release|Any CPU
		{EF3D6CC3-880C-450B-9C8F-4E7A83A4C571}.Ad-Hoc|iPhoneSimulator.Build.0 = Release|Any CPU
		{EF3D6CC3-880C-450B-9C8F-4E7A83A4C571}.AppStore|Any CPU.ActiveCfg = Release|Any CPU
		{EF3D6CC3-880C-450B-9C8F-4E7A83A4C571}.AppStore|Any CPU.Build.0 = Release|Any CPU
		{EF3D6CC3-880C-450B-9C8F-4E7A83A4C571}.AppStore|iPhone.ActiveCfg = Release|Any CPU
		{EF3D6CC3-880C-450B-9C8F-4E7A83A4C571}.AppStore|iPhone.Build.0 = Release|Any CPU
		{EF3D6CC3-880C-450B-9C8F-4E7A83A4C571}.AppStore|iPhoneSimulator.ActiveCfg = Release|Any CPU
		{EF3D6CC3-880C-450B-9C8F-4E7A83A4C571}.AppStore|iPhoneSimulator.Build.0 = Release|Any CPU
		{EF3D6CC3-880C-450B-9C8F-4E7A83A4C571}.Debug|Any CPU.ActiveCfg = Debug|Any CPU
		{EF3D6CC3-880C-450B-9C8F-4E7A83A4C571}.Debug|Any CPU.Build.0 = Debug|Any CPU
		{EF3D6CC3-880C-450B-9C8F-4E7A83A4C571}.Debug|iPhone.ActiveCfg = Debug|Any CPU
		{EF3D6CC3-880C-450B-9C8F-4E7A83A4C571}.Debug|iPhone.Build.0 = Debug|Any CPU
		{EF3D6CC3-880C-450B-9C8F-4E7A83A4C571}.Debug|iPhoneSimulator.ActiveCfg = Debug|Any CPU
		{EF3D6CC3-880C-450B-9C8F-4E7A83A4C571}.Debug|iPhoneSimulator.Build.0 = Debug|Any CPU
		{EF3D6CC3-880C-450B-9C8F-4E7A83A4C571}.Dev|Any CPU.ActiveCfg = Dev|Any CPU
		{EF3D6CC3-880C-450B-9C8F-4E7A83A4C571}.Dev|Any CPU.Build.0 = Dev|Any CPU
		{EF3D6CC3-880C-450B-9C8F-4E7A83A4C571}.Dev|iPhone.ActiveCfg = Dev|Any CPU
		{EF3D6CC3-880C-450B-9C8F-4E7A83A4C571}.Dev|iPhone.Build.0 = Dev|Any CPU
		{EF3D6CC3-880C-450B-9C8F-4E7A83A4C571}.Dev|iPhoneSimulator.ActiveCfg = Dev|Any CPU
		{EF3D6CC3-880C-450B-9C8F-4E7A83A4C571}.Dev|iPhoneSimulator.Build.0 = Dev|Any CPU
		{EF3D6CC3-880C-450B-9C8F-4E7A83A4C571}.Release|Any CPU.ActiveCfg = Release|Any CPU
		{EF3D6CC3-880C-450B-9C8F-4E7A83A4C571}.Release|Any CPU.Build.0 = Release|Any CPU
		{EF3D6CC3-880C-450B-9C8F-4E7A83A4C571}.Release|iPhone.ActiveCfg = Release|Any CPU
		{EF3D6CC3-880C-450B-9C8F-4E7A83A4C571}.Release|iPhone.Build.0 = Release|Any CPU
		{EF3D6CC3-880C-450B-9C8F-4E7A83A4C571}.Release|iPhoneSimulator.ActiveCfg = Release|Any CPU
		{EF3D6CC3-880C-450B-9C8F-4E7A83A4C571}.Release|iPhoneSimulator.Build.0 = Release|Any CPU
		{69BF2471-EA8E-4CFF-A0BD-FBA7DEE68474}.Ad-Hoc|Any CPU.ActiveCfg = Release|Any CPU
		{69BF2471-EA8E-4CFF-A0BD-FBA7DEE68474}.Ad-Hoc|Any CPU.Build.0 = Release|Any CPU
		{69BF2471-EA8E-4CFF-A0BD-FBA7DEE68474}.Ad-Hoc|Any CPU.Deploy.0 = Release|Any CPU
		{69BF2471-EA8E-4CFF-A0BD-FBA7DEE68474}.Ad-Hoc|iPhone.ActiveCfg = Release|Any CPU
		{69BF2471-EA8E-4CFF-A0BD-FBA7DEE68474}.Ad-Hoc|iPhone.Build.0 = Release|Any CPU
		{69BF2471-EA8E-4CFF-A0BD-FBA7DEE68474}.Ad-Hoc|iPhone.Deploy.0 = Release|Any CPU
		{69BF2471-EA8E-4CFF-A0BD-FBA7DEE68474}.Ad-Hoc|iPhoneSimulator.ActiveCfg = Release|Any CPU
		{69BF2471-EA8E-4CFF-A0BD-FBA7DEE68474}.Ad-Hoc|iPhoneSimulator.Build.0 = Release|Any CPU
		{69BF2471-EA8E-4CFF-A0BD-FBA7DEE68474}.Ad-Hoc|iPhoneSimulator.Deploy.0 = Release|Any CPU
		{69BF2471-EA8E-4CFF-A0BD-FBA7DEE68474}.AppStore|Any CPU.ActiveCfg = Release|Any CPU
		{69BF2471-EA8E-4CFF-A0BD-FBA7DEE68474}.AppStore|Any CPU.Build.0 = Release|Any CPU
		{69BF2471-EA8E-4CFF-A0BD-FBA7DEE68474}.AppStore|Any CPU.Deploy.0 = Release|Any CPU
		{69BF2471-EA8E-4CFF-A0BD-FBA7DEE68474}.AppStore|iPhone.ActiveCfg = Release|Any CPU
		{69BF2471-EA8E-4CFF-A0BD-FBA7DEE68474}.AppStore|iPhone.Build.0 = Release|Any CPU
		{69BF2471-EA8E-4CFF-A0BD-FBA7DEE68474}.AppStore|iPhone.Deploy.0 = Release|Any CPU
		{69BF2471-EA8E-4CFF-A0BD-FBA7DEE68474}.AppStore|iPhoneSimulator.ActiveCfg = Release|Any CPU
		{69BF2471-EA8E-4CFF-A0BD-FBA7DEE68474}.AppStore|iPhoneSimulator.Build.0 = Release|Any CPU
		{69BF2471-EA8E-4CFF-A0BD-FBA7DEE68474}.AppStore|iPhoneSimulator.Deploy.0 = Release|Any CPU
		{69BF2471-EA8E-4CFF-A0BD-FBA7DEE68474}.Debug|Any CPU.ActiveCfg = Debug|Any CPU
		{69BF2471-EA8E-4CFF-A0BD-FBA7DEE68474}.Debug|Any CPU.Build.0 = Debug|Any CPU
		{69BF2471-EA8E-4CFF-A0BD-FBA7DEE68474}.Debug|Any CPU.Deploy.0 = Debug|Any CPU
		{69BF2471-EA8E-4CFF-A0BD-FBA7DEE68474}.Debug|iPhone.ActiveCfg = Debug|Any CPU
		{69BF2471-EA8E-4CFF-A0BD-FBA7DEE68474}.Debug|iPhone.Build.0 = Debug|Any CPU
		{69BF2471-EA8E-4CFF-A0BD-FBA7DEE68474}.Debug|iPhone.Deploy.0 = Debug|Any CPU
		{69BF2471-EA8E-4CFF-A0BD-FBA7DEE68474}.Debug|iPhoneSimulator.ActiveCfg = Debug|Any CPU
		{69BF2471-EA8E-4CFF-A0BD-FBA7DEE68474}.Debug|iPhoneSimulator.Build.0 = Debug|Any CPU
		{69BF2471-EA8E-4CFF-A0BD-FBA7DEE68474}.Debug|iPhoneSimulator.Deploy.0 = Debug|Any CPU
		{69BF2471-EA8E-4CFF-A0BD-FBA7DEE68474}.Dev|Any CPU.ActiveCfg = Dev|Any CPU
		{69BF2471-EA8E-4CFF-A0BD-FBA7DEE68474}.Dev|Any CPU.Build.0 = Dev|Any CPU
		{69BF2471-EA8E-4CFF-A0BD-FBA7DEE68474}.Dev|Any CPU.Deploy.0 = Dev|Any CPU
		{69BF2471-EA8E-4CFF-A0BD-FBA7DEE68474}.Dev|iPhone.ActiveCfg = Dev|Any CPU
		{69BF2471-EA8E-4CFF-A0BD-FBA7DEE68474}.Dev|iPhone.Build.0 = Dev|Any CPU
		{69BF2471-EA8E-4CFF-A0BD-FBA7DEE68474}.Dev|iPhone.Deploy.0 = Dev|Any CPU
		{69BF2471-EA8E-4CFF-A0BD-FBA7DEE68474}.Dev|iPhoneSimulator.ActiveCfg = Dev|Any CPU
		{69BF2471-EA8E-4CFF-A0BD-FBA7DEE68474}.Dev|iPhoneSimulator.Build.0 = Dev|Any CPU
		{69BF2471-EA8E-4CFF-A0BD-FBA7DEE68474}.Dev|iPhoneSimulator.Deploy.0 = Dev|Any CPU
		{69BF2471-EA8E-4CFF-A0BD-FBA7DEE68474}.Release|Any CPU.ActiveCfg = Release|Any CPU
		{69BF2471-EA8E-4CFF-A0BD-FBA7DEE68474}.Release|Any CPU.Build.0 = Release|Any CPU
		{69BF2471-EA8E-4CFF-A0BD-FBA7DEE68474}.Release|Any CPU.Deploy.0 = Release|Any CPU
		{69BF2471-EA8E-4CFF-A0BD-FBA7DEE68474}.Release|iPhone.ActiveCfg = Release|Any CPU
		{69BF2471-EA8E-4CFF-A0BD-FBA7DEE68474}.Release|iPhone.Build.0 = Release|Any CPU
		{69BF2471-EA8E-4CFF-A0BD-FBA7DEE68474}.Release|iPhone.Deploy.0 = Release|Any CPU
		{69BF2471-EA8E-4CFF-A0BD-FBA7DEE68474}.Release|iPhoneSimulator.ActiveCfg = Release|Any CPU
		{69BF2471-EA8E-4CFF-A0BD-FBA7DEE68474}.Release|iPhoneSimulator.Build.0 = Release|Any CPU
		{69BF2471-EA8E-4CFF-A0BD-FBA7DEE68474}.Release|iPhoneSimulator.Deploy.0 = Release|Any CPU
		{47231896-B7D3-40D6-97F6-C0C78F2EB54C}.Ad-Hoc|Any CPU.ActiveCfg = Release|Any CPU
		{47231896-B7D3-40D6-97F6-C0C78F2EB54C}.Ad-Hoc|Any CPU.Build.0 = Release|Any CPU
		{47231896-B7D3-40D6-97F6-C0C78F2EB54C}.Ad-Hoc|iPhone.ActiveCfg = Release|Any CPU
		{47231896-B7D3-40D6-97F6-C0C78F2EB54C}.Ad-Hoc|iPhone.Build.0 = Release|Any CPU
		{47231896-B7D3-40D6-97F6-C0C78F2EB54C}.Ad-Hoc|iPhoneSimulator.ActiveCfg = Release|Any CPU
		{47231896-B7D3-40D6-97F6-C0C78F2EB54C}.Ad-Hoc|iPhoneSimulator.Build.0 = Release|Any CPU
		{47231896-B7D3-40D6-97F6-C0C78F2EB54C}.AppStore|Any CPU.ActiveCfg = Release|Any CPU
		{47231896-B7D3-40D6-97F6-C0C78F2EB54C}.AppStore|Any CPU.Build.0 = Release|Any CPU
		{47231896-B7D3-40D6-97F6-C0C78F2EB54C}.AppStore|iPhone.ActiveCfg = Release|Any CPU
		{47231896-B7D3-40D6-97F6-C0C78F2EB54C}.AppStore|iPhone.Build.0 = Release|Any CPU
		{47231896-B7D3-40D6-97F6-C0C78F2EB54C}.AppStore|iPhoneSimulator.ActiveCfg = Release|Any CPU
		{47231896-B7D3-40D6-97F6-C0C78F2EB54C}.AppStore|iPhoneSimulator.Build.0 = Release|Any CPU
		{47231896-B7D3-40D6-97F6-C0C78F2EB54C}.Debug|Any CPU.ActiveCfg = Debug|Any CPU
		{47231896-B7D3-40D6-97F6-C0C78F2EB54C}.Debug|Any CPU.Build.0 = Debug|Any CPU
		{47231896-B7D3-40D6-97F6-C0C78F2EB54C}.Debug|iPhone.ActiveCfg = Debug|Any CPU
		{47231896-B7D3-40D6-97F6-C0C78F2EB54C}.Debug|iPhone.Build.0 = Debug|Any CPU
		{47231896-B7D3-40D6-97F6-C0C78F2EB54C}.Debug|iPhoneSimulator.ActiveCfg = Debug|Any CPU
		{47231896-B7D3-40D6-97F6-C0C78F2EB54C}.Debug|iPhoneSimulator.Build.0 = Debug|Any CPU
		{47231896-B7D3-40D6-97F6-C0C78F2EB54C}.Dev|Any CPU.ActiveCfg = Debug|Any CPU
		{47231896-B7D3-40D6-97F6-C0C78F2EB54C}.Dev|Any CPU.Build.0 = Debug|Any CPU
		{47231896-B7D3-40D6-97F6-C0C78F2EB54C}.Dev|iPhone.ActiveCfg = Debug|Any CPU
		{47231896-B7D3-40D6-97F6-C0C78F2EB54C}.Dev|iPhone.Build.0 = Debug|Any CPU
		{47231896-B7D3-40D6-97F6-C0C78F2EB54C}.Dev|iPhoneSimulator.ActiveCfg = Debug|Any CPU
		{47231896-B7D3-40D6-97F6-C0C78F2EB54C}.Dev|iPhoneSimulator.Build.0 = Debug|Any CPU
		{47231896-B7D3-40D6-97F6-C0C78F2EB54C}.Release|Any CPU.ActiveCfg = Release|Any CPU
		{47231896-B7D3-40D6-97F6-C0C78F2EB54C}.Release|Any CPU.Build.0 = Release|Any CPU
		{47231896-B7D3-40D6-97F6-C0C78F2EB54C}.Release|iPhone.ActiveCfg = Release|Any CPU
		{47231896-B7D3-40D6-97F6-C0C78F2EB54C}.Release|iPhone.Build.0 = Release|Any CPU
		{47231896-B7D3-40D6-97F6-C0C78F2EB54C}.Release|iPhoneSimulator.ActiveCfg = Release|Any CPU
		{47231896-B7D3-40D6-97F6-C0C78F2EB54C}.Release|iPhoneSimulator.Build.0 = Release|Any CPU
	EndGlobalSection
	GlobalSection(SolutionProperties) = preSolution
		HideSolutionNode = FALSE
	EndGlobalSection
EndGlobal
